
Microsoft Visual Studio Solution File, Format Version 12.00
# Visual Studio 2012
# Clarion 2.1.0.2447
Project("{12B76EC0-1D7B-4FA7-A7D0-C524288B48A1}") = "LibCreate_ImpLib", "LibCreate_ImpLib.cwproj", "{396CA655-F1DB-47AE-AD97-463EB809F3D0}"
EndProject
Global
	GlobalSection(SolutionConfigurationPlatforms) = preSolution
		Debug|Win32 = Debug|Win32
		Release|Win32 = Release|Win32
	EndGlobalSection
	GlobalSection(ProjectConfigurationPlatforms) = postSolution
		{396CA655-F1DB-47AE-AD97-463EB809F3D0}.Debug|Win32.Build.0 = Debug|Win32
		{396CA655-F1DB-47AE-AD97-463EB809F3D0}.Debug|Win32.ActiveCfg = Debug|Win32
		{396CA655-F1DB-47AE-AD97-463EB809F3D0}.Release|Win32.Build.0 = Release|Win32
		{396CA655-F1DB-47AE-AD97-463EB809F3D0}.Release|Win32.ActiveCfg = Release|Win32
	EndGlobalSection
EndGlobal
